
Microsoft Visual Studio Solution File, Format Version 12.00
# Visual Studio Version 17
VisualStudioVersion = 17.1.32407.343
MinimumVisualStudioVersion = 10.0.40219.1
Project("{FAE04EC0-301F-11D3-BF4B-00C04F79EFBC}") = "LessonFive", "LessonFive\LessonFive.csproj", "{5E12E990-33B5-41AE-811C-E51BED84DA50}"
EndProject
Global
	GlobalSection(SolutionConfigurationPlatforms) = preSolution
		Debug|Any CPU = Debug|Any CPU
		Release|Any CPU = Release|Any CPU
	EndGlobalSection
	GlobalSection(ProjectConfigurationPlatforms) = postSolution
		{5E12E990-33B5-41AE-811C-E51BED84DA50}.Debug|Any CPU.ActiveCfg = Debug|Any CPU
		{5E12E990-33B5-41AE-811C-E51BED84DA50}.Debug|Any CPU.Build.0 = Debug|Any CPU
		{5E12E990-33B5-41AE-811C-E51BED84DA50}.Release|Any CPU.ActiveCfg = Release|Any CPU
		{5E12E990-33B5-41AE-811C-E51BED84DA50}.Release|Any CPU.Build.0 = Release|Any CPU
	EndGlobalSection
	GlobalSection(SolutionProperties) = preSolution
		HideSolutionNode = FALSE
	EndGlobalSection
	GlobalSection(ExtensibilityGlobals) = postSolution
		SolutionGuid = {7679BCB2-6AE1-4734-AC5C-A36F2B714211}
	EndGlobalSection
EndGlobal
